
Microsoft Visual Studio Solution File, Format Version 12.00
# Visual Studio Version 16
VisualStudioVersion = 16.0.29509.3
MinimumVisualStudioVersion = 10.0.40219.1
Project("{FAE04EC0-301F-11D3-BF4B-00C04F79EFBC}") = "CarneyAndrewPA6MIS221", "CarneyAndrewPA6MIS221\CarneyAndrewPA6MIS221.csproj", "{26E5E632-832A-4F9F-BDE3-8D0259FAA4D9}"
EndProject
Global
	GlobalSection(SolutionConfigurationPlatforms) = preSolution
		Debug|Any CPU = Debug|Any CPU
		Release|Any CPU = Release|Any CPU
	EndGlobalSection
	GlobalSection(ProjectConfigurationPlatforms) = postSolution
		{26E5E632-832A-4F9F-BDE3-8D0259FAA4D9}.Debug|Any CPU.ActiveCfg = Debug|Any CPU
		{26E5E632-832A-4F9F-BDE3-8D0259FAA4D9}.Debug|Any CPU.Build.0 = Debug|Any CPU
		{26E5E632-832A-4F9F-BDE3-8D0259FAA4D9}.Release|Any CPU.ActiveCfg = Release|Any CPU
		{26E5E632-832A-4F9F-BDE3-8D0259FAA4D9}.Release|Any CPU.Build.0 = Release|Any CPU
	EndGlobalSection
	GlobalSection(SolutionProperties) = preSolution
		HideSolutionNode = FALSE
	EndGlobalSection
	GlobalSection(ExtensibilityGlobals) = postSolution
		SolutionGuid = {4D14F0A6-7706-46B2-BC93-37A27957000E}
	EndGlobalSection
EndGlobal
